apiVersion: vendir.k14s.io/v1alpha1
directories:
- contents:
  - configDigest: 37575973b28981210d2f580d461e95295cdf12ccc4853abf672799d3a7916019
    http: {}
    path: ceph-cluster
  - configDigest: 6c53b6534e0a755761d96f1db2cbd9c541fd7b5805d80e3fd6c47896b0e02e9e
    http: {}
    path: ceph-osd
  - configDigest: 859d6eb576ccb3d4ddb6c416bf8a9c7f8beb91f30713d1a3f5acd06c21f18402
    http: {}
    path: ceph-pools
  path: _sources/ceph
- contents:
  - configDigest: 9930a3ca841617c42df8e959ef66b13f75f13902972a79d7b2b03cbe1c002d40
    git:
      commitTitle: Prepare for release v1.20.1...
      sha: 7d68cfb394f2960e10aa72e76d0d51e66c1b2ebc
      tags:
      - 1.20.1
    path: .
  path: _sources/cilium
- contents:
  - configDigest: fe6d51609c2d26f1e71173afa05ac19c1addf592367367af8f6e58313f9abb6a
    git:
      commitTitle: Release cluster-v0.0.5 (#36)...
      sha: cececeb393fb7c5400b4fa290aca68041293a127
      tags:
      - cluster-v0.0.5
    path: cnpg
  - configDigest: df3126888dc9979dca0fa8a7145d16afcf1546ced61d2e18ccbd5b9be041b620
    git:
      commitTitle: 'fix(chart): bump version to v1.6.1 with missing configmap role
        (#543)...'
      sha: b28637d78d828f80a3b3fd76acaa2dd6e3c28603
      tags:
      - v1.6.1
    path: dragonfly
  path: _sources/database
- contents:
  - configDigest: 0730500aa6c68689b39a60b9ea34eac14efcf8269c1cc758372edd52d9f90879
    git:
      commitTitle: '[release-1.9] cherry pick v1.9.1 release notes and chore commits
        (#9885)...'
      sha: 0260554fd4f33b787aad77a129fc0ffeb00c1f29
      tags:
      - v1.9.1
    path: gateway
  - configDigest: 2c2d52a9a6ad49c01930aed359636ab4d036c5735a863717a84fcc67c6d96e27
    http: {}
    path: envoy-mixin-overview
  - configDigest: f7b3d87e22e139875b0714c917c852f9897543b308270227d62fc2bf00a92c57
    http: {}
    path: envoy-mixin-upstream
  - configDigest: ed02d923e4710dd56eaea4d102281cfc7ee90f572169721d298502c3b20f5ceb
    http: {}
    path: envoy-mixin-downstream
  path: _sources/envoy
- contents:
  - configDigest: c9e48287ea9684f1cf9b49549a96532a6020303e76834b5373e81fc33eb6bc97
    git:
      commitTitle: 'dashboards: add initial agentgateway dashboard (#3)...'
      sha: ed6c5b2177981126a0eb9b73e919c6a59e5b839b
    path: .
  path: _sources/kgateway
- contents:
  - configDigest: e2b09003c7643f7797f26aafc5a5bda8981bfb6778986db52397f1c1f1a8f307
    http: {}
    path: k8s-system-api-server
  - configDigest: b00ce572f00a12ece6ae115bb953afc7ae474ecd8966592373eb32fa0982ff9c
    http: {}
    path: k8s-views-global
  - configDigest: 725feff831ed3d187d80fc258c6cc6a017ba213b63b90096691508832ca48c9a
    http: {}
    path: k8s-views-nodes
  - configDigest: ce9ec65ce41816886ae3fbe7a107d1c303500c342e62a9faf7b393685e4e9195
    http: {}
    path: k8s-views-namespaces
  - configDigest: 42d25289b64b7118b22d19a86a43885ef8eef62f1a4de5c9e4f711805342aa8c
    http: {}
    path: k8s-views-pods
  - configDigest: 0b166ce4b0436a82890400fddf199b3ccc045eb3e1812b4900038f2f9b81794f
    http: {}
    path: k8s-volumes
  path: _sources/kubernetes
- contents:
  - configDigest: abde2c25e3a825998a295573f5869d3279d6fe57df1bbad83f2f5c69e6680165
    git:
      commitTitle: 'docs/changelog: cut release v1.151.0...'
      sha: 83fc70c6aced8c99a0a445a872ee891191b98517
      tags:
      - v1.151.0
    path: metrics
  - configDigest: f9f340d02610177b691d9f4f7adba5b56dc7a6a6933985eac839eae67c5f6c41
    git:
      commitTitle: 'docs/CHANGELOG.md: cut v1.121.0'
      sha: b1003c0e65a4d9352d6f5b7f5201e5989b687687
      tags:
      - v1.121.0
    path: logs
  path: _sources/victoria
- contents:
  - configDigest: 9c4f79ef06dc3bae7be46c392bde085f279012dd3410ae1b77249f0679ac00d4
    http: {}
    path: cert-manager
  - configDigest: 1d57c615caf913255e49906761112b4e5b84103dcea831f473ab9a9f4ecbe135
    http: {}
    path: cloudflared
  - configDigest: ffbdcb7f6c266d56f299320cbeb19e05132fdb453c05a50c01a2b660dcede111
    http: {}
    path: external-dns
  - configDigest: e7b9c489ae1ab51df1583f1559d485e9e2827dc8350ce913836e8db52d6a2ffb
    http: {}
    path: node-exporter-full
  - configDigest: 4df4c2d56d1559a5204d66f43dfce2e8a830e47af0cf56132b4b230d39e105f0
    http: {}
    path: smartctl-exporter
  - configDigest: c1b271b8ea28da527d29780eb7817224e7a147cba7457ee91e6340e49f1cbe0d
    git:
      commitTitle: 'chore(release): 0.10.8 (#440)...'
      sha: 49addf88fddd33013383224d050066e99059e01a
      tags:
      - 0.10.8
    path: kopiur
  path: _sources/default
- contents:
  - configDigest: 824515bc9411036b778e951db855d12feaf87be3b0d3d1fb7829dd7c766adfcd
    http: {}
    path: synology
  - configDigest: e826579f984080e908bc6b12f35b50bd8993ff18140e8b3a6eb1f19b1fe3689c
    http: {}
    path: openwrt
  path: _sources/infrastructure
- contents:
  - configDigest: 162d4cb6ccb8dace1246e4f3f80c67d7d500ce224334875ef2c3a5aed24bbd9a
    http: {}
    path: blackbox-exporter
  path: _sources/devices
kind: LockConfig
