apiVersion: vendir.k14s.io/v1alpha1
directories:
- contents:
  - http: {}
    path: ceph-cluster
  - http: {}
    path: ceph-osd
  - http: {}
    path: ceph-pools
  path: _sources/ceph
- contents:
  - git:
      commitTitle: Prepare for release v1.18.5...
      sha: 7d4d89321e17ea5b75eceb6dcb2ace1d4a6cfc5e
      tags:
      - v1.18.5
    path: .
  path: _sources/cilium
- contents:
  - git:
      commitTitle: Release cluster-v0.0.5 (#36)...
      sha: cececeb393fb7c5400b4fa290aca68041293a127
      tags:
      - cluster-v0.0.5
    path: cnpg
  - git:
      commitTitle: 'chore(operator): release new version v1.3.1 (#417)...'
      sha: a34d224e0fdff706d869ae850216214015dd763a
      tags:
      - v1.3.1
    path: dragonfly
  path: _sources/database
- contents:
  - git:
      commitTitle: '[release/v1.6] Cherry-pick reclaim-storage step for release workflow
        (#7683)'
      sha: 19b3c67defb90ddf2ba9786fc13e43130816c6ea
      tags:
      - v1.6.1
    path: gateway
  - http: {}
    path: envoy-mixin-overview
  - http: {}
    path: envoy-mixin-upstream
  - http: {}
    path: envoy-mixin-downstream
  path: _sources/envoy
- contents:
  - http: {}
    path: k8s-system-api-server
  - http: {}
    path: k8s-views-global
  - http: {}
    path: k8s-views-nodes
  - http: {}
    path: k8s-views-namespaces
  - http: {}
    path: k8s-views-pods
  - http: {}
    path: k8s-volumes
  path: _sources/kubernetes
- contents:
  - git:
      commitTitle: 'CHANGELOG.md: cut v1.133.0 release...'
      sha: e8160fc8fba21bc4c539a30fa63eb3618f964578
      tags:
      - v1.133.0
    path: metrics
  - git:
      commitTitle: 'docs/CHANGELOG.md: cut v1.118.0...'
      sha: aa3171cf4b441bf66c6f939af4420d68702216e4
      tags:
      - v1.118.0
    path: logs
  path: _sources/victoria
- contents:
  - http: {}
    path: cert-manager
  - http: {}
    path: cloudflared
  - http: {}
    path: external-dns
  - http: {}
    path: node-exporter-full
  - http: {}
    path: smartctl-exporter
  - http: {}
    path: volsync
  path: _sources/default
- contents:
  - http: {}
    path: synology
  - http: {}
    path: openwrt
  path: _sources/infrastructure
- contents:
  - http: {}
    path: blackbox-exporter
  - http: {}
    path: unifi-sites
  - http: {}
    path: unifi-uap
  - http: {}
    path: unifi-clients
  path: _sources/devices
kind: LockConfig
